
Microsoft Visual Studio Solution File, Format Version 12.00
# Visual Studio Version 17
VisualStudioVersion = 17.5.33530.505
MinimumVisualStudioVersion = 10.0.40219.1
Project("{FAE04EC0-301F-11D3-BF4B-00C04F79EFBC}") = "qrStudent", "qrStudent.csproj", "{4150FB63-3EF0-493E-B033-92638560D606}"
EndProject
Global
	GlobalSection(SolutionConfigurationPlatforms) = preSolution
		Debug|Any CPU = Debug|Any CPU
		Release|Any CPU = Release|Any CPU
	EndGlobalSection
	GlobalSection(ProjectConfigurationPlatforms) = postSolution
		{4150FB63-3EF0-493E-B033-92638560D606}.Debug|Any CPU.ActiveCfg = Debug|Any CPU
		{4150FB63-3EF0-493E-B033-92638560D606}.Debug|Any CPU.Build.0 = Debug|Any CPU
		{4150FB63-3EF0-493E-B033-92638560D606}.Release|Any CPU.ActiveCfg = Release|Any CPU
		{4150FB63-3EF0-493E-B033-92638560D606}.Release|Any CPU.Build.0 = Release|Any CPU
	EndGlobalSection
	GlobalSection(SolutionProperties) = preSolution
		HideSolutionNode = FALSE
	EndGlobalSection
	GlobalSection(ExtensibilityGlobals) = postSolution
		SolutionGuid = {7E96B89A-F245-43AA-8F2A-CD6FBAEC815F}
	EndGlobalSection
EndGlobal
